# THIS IS AN AUTOGENERATED FILE. DO NOT EDIT THIS FILE DIRECTLY.
# yarn lockfile v1


tslib@2.5.1:
  version "2.5.1"
  resolved "https://registry.yarnpkg.com/tslib/-/tslib-2.5.1.tgz#f2ad78c367857d54e49a0ef9def68737e1a67b21"
  integrity sha512-KaI6gPil5m9vF7DKaoXxx1ia9fxS4qG5YveErRRVknPDXXriu5M8h48YRjB6h5ZUOKuAKlSJYb0GaDe8I39fRw==
